// !$*UTF8*$!
{
	archiveVersion = 1;
	classes = {
	};
	objectVersion = 46;
	objects = {

/* Begin PBXBuildFile section */
		FE67710E1B9E09E000C1C963 /* AppDelegate.swift in Sources */ = {isa = PBXBuildFile; fileRef = FE67710D1B9E09E000C1C963 /* AppDelegate.swift */; };
		FE6771101B9E09E000C1C963 /* ViewController.swift in Sources */ = {isa = PBXBuildFile; fileRef = FE67710F1B9E09E000C1C963 /* ViewController.swift */; };
		FE6771131B9E09E000C1C963 /* Main.storyboard in Resources */ = {isa = PBXBuildFile; fileRef = FE6771111B9E09E000C1C963 /* Main.storyboard */; };
		FE6771151B9E09E000C1C963 /* Images.xcassets in Resources */ = {isa = PBXBuildFile; fileRef = FE6771141B9E09E000C1C963 /* Images.xcassets */; };
		FE6771181B9E09E000C1C963 /* LaunchScreen.xib in Resources */ = {isa = PBXBuildFile; fileRef = FE6771161B9E09E000C1C963 /* LaunchScreen.xib */; };
		FE6771241B9E09E100C1C963 /* FunFactsTests.swift in Sources */ = {isa = PBXBuildFile; fileRef = FE6771231B9E09E100C1C963 /* FunFactsTests.swift */; };
		FE6771301B9FBAEC00C1C963 /* FactBook.swift in Sources */ = {isa = PBXBuildFile; fileRef = FE67712F1B9FBAEB00C1C963 /* FactBook.swift */; };
		FE6771321BA353A200C1C963 /* ColorWheel.swift in Sources */ = {isa = PBXBuildFile; fileRef = FE6771311BA353A200C1C963 /* ColorWheel.swift */; };
/* End PBXBuildFile section */

/* Begin PBXContainerItemProxy section */
		FE67711E1B9E09E100C1C963 /* PBXContainerItemProxy */ = {
			isa = PBXContainerItemProxy;
			containerPortal = FE6771001B9E09E000C1C963 /* Project object */;
			proxyType = 1;
			remoteGlobalIDString = FE6771071B9E09E000C1C963;
			remoteInfo = FunFacts;
		};
/* End PBXContainerItemProxy section */

/* Begin PBXFileReference section */
		FE6771081B9E09E000C1C963 /* FunFacts.app */ = {isa = PBXFileReference; explicitFileType = wrapper.application; includeInIndex = 0; path = FunFacts.app; sourceTree = BUILT_PRODUCTS_DIR; };
		FE67710C1B9E09E000C1C963 /* Info.plist */ = {isa = PBXFileReference; lastKnownFileType = text.plist.xml; path = Info.plist; sourceTree = "<group>"; };
		FE67710D1B9E09E000C1C963 /* AppDelegate.swift */ = {isa = PBXFileReference; lastKnownFileType = sourcecode.swift; path = AppDelegate.swift; sourceTree = "<group>"; };
		FE67710F1B9E09E000C1C963 /* ViewController.swift */ = {isa = PBXFileReference; lastKnownFileType = sourcecode.swift; path = ViewController.swift; sourceTree = "<group>"; };
		FE6771121B9E09E000C1C963 /* Base */ = {isa = PBXFileReference; lastKnownFileType = file.storyboard; name = Base; path = Base.lproj/Main.storyboard; sourceTree = "<group>"; };
		FE6771141B9E09E000C1C963 /* Images.xcassets */ = {isa = PBXFileReference; lastKnownFileType = folder.assetcatalog; path = Images.xcassets; sourceTree = "<group>"; };
		FE6771171B9E09E000C1C963 /* Base */ = {isa = PBXFileReference; lastKnownFileType = file.xib; name = Base; path = Base.lproj/LaunchScreen.xib; sourceTree = "<group>"; };
		FE67711D1B9E09E100C1C963 /* FunFactsTests.xctest */ = {isa = PBXFileReference; explicitFileType = wrapper.cfbundle; includeInIndex = 0; path = FunFactsTests.xctest; sourceTree = BUILT_PRODUCTS_DIR; };
		FE6771221B9E09E100C1C963 /* Info.plist */ = {isa = PBXFileReference; lastKnownFileType = text.plist.xml; path = Info.plist; sourceTree = "<group>"; };
		FE6771231B9E09E100C1C963 /* FunFactsTests.swift */ = {isa = PBXFileReference; lastKnownFileType = sourcecode.swift; path = FunFactsTests.swift; sourceTree = "<group>"; };
		FE67712D1B9E10D600C1C963 /* Scratchpad.playground */ = {isa = PBXFileReference; lastKnownFileType = file.playground; name = Scratchpad.playground; path = FunFacts/Scratchpad.playground; sourceTree = "<group>"; };
		FE67712F1B9FBAEB00C1C963 /* FactBook.swift */ = {isa = PBXFileReference; fileEncoding = 4; lastKnownFileType = sourcecode.swift; path = FactBook.swift; sourceTree = "<group>"; };
		FE6771311BA353A200C1C963 /* ColorWheel.swift */ = {isa = PBXFileReference; fileEncoding = 4; lastKnownFileType = sourcecode.swift; path = ColorWheel.swift; sourceTree = "<group>"; };
/* End PBXFileReference section */

/* Begin PBXFrameworksBuildPhase section */
		FE6771051B9E09E000C1C963 /* Frameworks */ = {
			isa = PBXFrameworksBuildPhase;
			buildActionMask = 2147483647;
			files = (
			);
			runOnlyForDeploymentPostprocessing = 0;
		};
		FE67711A1B9E09E100C1C963 /* Frameworks */ = {
			isa = PBXFrameworksBuildPhase;
			buildActionMask = 2147483647;
			files = (
			);
			runOnlyForDeploymentPostprocessing = 0;
		};
/* End PBXFrameworksBuildPhase section */

/* Begin PBXGroup section */
		FE6770FF1B9E09E000C1C963 = {
			isa = PBXGroup;
			children = (
				FE67710A1B9E09E000C1C963 /* FunFacts */,
				FE6771201B9E09E100C1C963 /* FunFactsTests */,
				FE6771091B9E09E000C1C963 /* Products */,
			);
			sourceTree = "<group>";
		};
		FE6771091B9E09E000C1C963 /* Products */ = {
			isa = PBXGroup;
			children = (
				FE6771081B9E09E000C1C963 /* FunFacts.app */,
				FE67711D1B9E09E100C1C963 /* FunFactsTests.xctest */,
			);
			name = Products;
			sourceTree = "<group>";
		};
		FE67710A1B9E09E000C1C963 /* FunFacts */ = {
			isa = PBXGroup;
			children = (
				FE67710D1B9E09E000C1C963 /* AppDelegate.swift */,
				FE67712F1B9FBAEB00C1C963 /* FactBook.swift */,
				FE67710F1B9E09E000C1C963 /* ViewController.swift */,
				FE6771111B9E09E000C1C963 /* Main.storyboard */,
				FE6771141B9E09E000C1C963 /* Images.xcassets */,
				FE6771161B9E09E000C1C963 /* LaunchScreen.xib */,
				FE67712E1B9E10E200C1C963 /* Playgrounds */,
				FE67710B1B9E09E000C1C963 /* Supporting Files */,
				FE6771311BA353A200C1C963 /* ColorWheel.swift */,
			);
			path = FunFacts;
			sourceTree = "<group>";
		};
		FE67710B1B9E09E000C1C963 /* Supporting Files */ = {
			isa = PBXGroup;
			children = (
				FE67710C1B9E09E000C1C963 /* Info.plist */,
			);
			name = "Supporting Files";
			sourceTree = "<group>";
		};
		FE6771201B9E09E100C1C963 /* FunFactsTests */ = {
			isa = PBXGroup;
			children = (
				FE6771231B9E09E100C1C963 /* FunFactsTests.swift */,
				FE6771211B9E09E100C1C963 /* Supporting Files */,
			);
			path = FunFactsTests;
			sourceTree = "<group>";
		};
		FE6771211B9E09E100C1C963 /* Supporting Files */ = {
			isa = PBXGroup;
			children = (
				FE6771221B9E09E100C1C963 /* Info.plist */,
			);
			name = "Supporting Files";
			sourceTree = "<group>";
		};
		FE67712E1B9E10E200C1C963 /* Playgrounds */ = {
			isa = PBXGroup;
			children = (
				FE67712D1B9E10D600C1C963 /* Scratchpad.playground */,
			);
			name = Playgrounds;
			path = ..;
			sourceTree = "<group>";
		};
/* End PBXGroup section */

/* Begin PBXNativeTarget section */
		FE6771071B9E09E000C1C963 /* FunFacts */ = {
			isa = PBXNativeTarget;
			buildConfigurationList = FE6771271B9E09E100C1C963 /* Build configuration list for PBXNativeTarget "FunFacts" */;
			buildPhases = (
				FE6771041B9E09E000C1C963 /* Sources */,
				FE6771051B9E09E000C1C963 /* Frameworks */,
				FE6771061B9E09E000C1C963 /* Resources */,
			);
			buildRules = (
			);
			dependencies = (
			);
			name = FunFacts;
			productName = FunFacts;
			productReference = FE6771081B9E09E000C1C963 /* FunFacts.app */;
			productType = "com.apple.product-type.application";
		};
		FE67711C1B9E09E100C1C963 /* FunFactsTests */ = {
			isa = PBXNativeTarget;
			buildConfigurationList = FE67712A1B9E09E100C1C963 /* Build configuration list for PBXNativeTarget "FunFactsTests" */;
			buildPhases = (
				FE6771191B9E09E100C1C963 /* Sources */,
				FE67711A1B9E09E100C1C963 /* Frameworks */,
				FE67711B1B9E09E100C1C963 /* Resources */,
			);
			buildRules = (
			);
			dependencies = (
				FE67711F1B9E09E100C1C963 /* PBXTargetDependency */,
			);
			name = FunFactsTests;
			productName = FunFactsTests;
			productReference = FE67711D1B9E09E100C1C963 /* FunFactsTests.xctest */;
			productType = "com.apple.product-type.bundle.unit-test";
		};
/* End PBXNativeTarget section */

/* Begin PBXProject section */
		FE6771001B9E09E000C1C963 /* Project object */ = {
			isa = PBXProject;
			attributes = {
				LastUpgradeCheck = 0630;
				ORGANIZATIONNAME = "Eric Kuhn";
				TargetAttributes = {
					FE6771071B9E09E000C1C963 = {
						CreatedOnToolsVersion = 6.3;
						DevelopmentTeam = Y9MSJ8A3DN;
					};
					FE67711C1B9E09E100C1C963 = {
						CreatedOnToolsVersion = 6.3;
						TestTargetID = FE6771071B9E09E000C1C963;
					};
				};
			};
			buildConfigurationList = FE6771031B9E09E000C1C963 /* Build configuration list for PBXProject "FunFacts" */;
			compatibilityVersion = "Xcode 3.2";
			developmentRegion = English;
			hasScannedForEncodings = 0;
			knownRegions = (
				en,
				Base,
			);
			mainGroup = FE6770FF1B9E09E000C1C963;
			productRefGroup = FE6771091B9E09E000C1C963 /* Products */;
			projectDirPath = "";
			projectRoot = "";
			targets = (
				FE6771071B9E09E000C1C963 /* FunFacts */,
				FE67711C1B9E09E100C1C963 /* FunFactsTests */,
			);
		};
/* End PBXProject section */

/* Begin PBXResourcesBuildPhase section */
		FE6771061B9E09E000C1C963 /* Resources */ = {
			isa = PBXResourcesBuildPhase;
			buildActionMask = 2147483647;
			files = (
				FE6771131B9E09E000C1C963 /* Main.storyboard in Resources */,
				FE6771181B9E09E000C1C963 /* LaunchScreen.xib in Resources */,
				FE6771151B9E09E000C1C963 /* Images.xcassets in Resources */,
			);
			runOnlyForDeploymentPostprocessing = 0;
		};
		FE67711B1B9E09E100C1C963 /* Resources */ = {
			isa = PBXResourcesBuildPhase;
			buildActionMask = 2147483647;
			files = (
			);
			runOnlyForDeploymentPostprocessing = 0;
		};
/* End PBXResourcesBuildPhase section */

/* Begin PBXSourcesBuildPhase section */
		FE6771041B9E09E000C1C963 /* Sources */ = {
			isa = PBXSourcesBuildPhase;
			buildActionMask = 2147483647;
			files = (
				FE6771301B9FBAEC00C1C963 /* FactBook.swift in Sources */,
				FE6771101B9E09E000C1C963 /* ViewController.swift in Sources */,
				FE67710E1B9E09E000C1C963 /* AppDelegate.swift in Sources */,
				FE6771321BA353A200C1C963 /* ColorWheel.swift in Sources */,
			);
			runOnlyForDeploymentPostprocessing = 0;
		};
		FE6771191B9E09E100C1C963 /* Sources */ = {
			isa = PBXSourcesBuildPhase;
			buildActionMask = 2147483647;
			files = (
				FE6771241B9E09E100C1C963 /* FunFactsTests.swift in Sources */,
			);
			runOnlyForDeploymentPostprocessing = 0;
		};
/* End PBXSourcesBuildPhase section */

/* Begin PBXTargetDependency section */
		FE67711F1B9E09E100C1C963 /* PBXTargetDependency */ = {
			isa = PBXTargetDependency;
			target = FE6771071B9E09E000C1C963 /* FunFacts */;
			targetProxy = FE67711E1B9E09E100C1C963 /* PBXContainerItemProxy */;
		};
/* End PBXTargetDependency section */

/* Begin PBXVariantGroup section */
		FE6771111B9E09E000C1C963 /* Main.storyboard */ = {
			isa = PBXVariantGroup;
			children = (
				FE6771121B9E09E000C1C963 /* Base */,
			);
			name = Main.storyboard;
			sourceTree = "<group>";
		};
		FE6771161B9E09E000C1C963 /* LaunchScreen.xib */ = {
			isa = PBXVariantGroup;
			children = (
				FE6771171B9E09E000C1C963 /* Base */,
			);
			name = LaunchScreen.xib;
			sourceTree = "<group>";
		};
/* End PBXVariantGroup section */

/* Begin XCBuildConfiguration section */
		FE6771251B9E09E100C1C963 /* Debug */ = {
			isa = XCBuildConfiguration;
			buildSettings = {
				ALWAYS_SEARCH_USER_PATHS = NO;
				CLANG_CXX_LANGUAGE_STANDARD = "gnu++0x";
				CLANG_CXX_LIBRARY = "libc++";
				CLANG_ENABLE_MODULES = YES;
				CLANG_ENABLE_OBJC_ARC = YES;
				CLANG_WARN_BOOL_CONVERSION = YES;
				CLANG_WARN_CONSTANT_CONVERSION = YES;
				CLANG_WARN_DIRECT_OBJC_ISA_USAGE = YES_ERROR;
				CLANG_WARN_EMPTY_BODY = YES;
				CLANG_WARN_ENUM_CONVERSION = YES;
				CLANG_WARN_INT_CONVERSION = YES;
				CLANG_WARN_OBJC_ROOT_CLASS = YES_ERROR;
				CLANG_WARN_UNREACHABLE_CODE = YES;
				CLANG_WARN__DUPLICATE_METHOD_MATCH = YES;
				"CODE_SIGN_IDENTITY[sdk=iphoneos*]" = "iPhone Developer";
				COPY_PHASE_STRIP = NO;
				DEBUG_INFORMATION_FORMAT = "dwarf-with-dsym";
				ENABLE_STRICT_OBJC_MSGSEND = YES;
				GCC_C_LANGUAGE_STANDARD = gnu99;
				GCC_DYNAMIC_NO_PIC = NO;
				GCC_NO_COMMON_BLOCKS = YES;
				GCC_OPTIMIZATION_LEVEL = 0;
				GCC_PREPROCESSOR_DEFINITIONS = (
					"DEBUG=1",
					"$(inherited)",
				);
				GCC_SYMBOLS_PRIVATE_EXTERN = NO;
				GCC_WARN_64_TO_32_BIT_CONVERSION = YES;
				GCC_WARN_ABOUT_RETURN_TYPE = YES_ERROR;
				GCC_WARN_UNDECLARED_SELECTOR = YES;
				GCC_WARN_UNINITIALIZED_AUTOS = YES_AGGRESSIVE;
				GCC_WARN_UNUSED_FUNCTION = YES;
				GCC_WARN_UNUSED_VARIABLE = YES;
				IPHONEOS_DEPLOYMENT_TARGET = 8.3;
				MTL_ENABLE_DEBUG_INFO = YES;
				ONLY_ACTIVE_ARCH = YES;
				SDKROOT = iphoneos;
				SWIFT_OPTIMIZATION_LEVEL = "-Onone";
			};
			name = Debug;
		};
		FE6771261B9E09E100C1C963 /* Release */ = {
			isa = XCBuildConfiguration;
			buildSettings = {
				ALWAYS_SEARCH_USER_PATHS = NO;
				CLANG_CXX_LANGUAGE_STANDARD = "gnu++0x";
				CLANG_CXX_LIBRARY = "libc++";
				CLANG_ENABLE_MODULES = YES;
				CLANG_ENABLE_OBJC_ARC = YES;
				CLANG_WARN_BOOL_CONVERSION = YES;
				CLANG_WARN_CONSTANT_CONVERSION = YES;
				CLANG_WARN_DIRECT_OBJC_ISA_USAGE = YES_ERROR;
				CLANG_WARN_EMPTY_BODY = YES;
				CLANG_WARN_ENUM_CONVERSION = YES;
				CLANG_WARN_INT_CONVERSION = YES;
				CLANG_WARN_OBJC_ROOT_CLASS = YES_ERROR;
				CLANG_WARN_UNREACHABLE_CODE = YES;
				CLANG_WARN__DUPLICATE_METHOD_MATCH = YES;
				"CODE_SIGN_IDENTITY[sdk=iphoneos*]" = "iPhone Developer";
				COPY_PHASE_STRIP = NO;
				DEBUG_INFORMATION_FORMAT = "dwarf-with-dsym";
				ENABLE_NS_ASSERTIONS = NO;
				ENABLE_STRICT_OBJC_MSGSEND = YES;
				GCC_C_LANGUAGE_STANDARD = gnu99;
				GCC_NO_COMMON_BLOCKS = YES;
				GCC_WARN_64_TO_32_BIT_CONVERSION = YES;
				GCC_WARN_ABOUT_RETURN_TYPE = YES_ERROR;
				GCC_WARN_UNDECLARED_SELECTOR = YES;
				GCC_WARN_UNINITIALIZED_AUTOS = YES_AGGRESSIVE;
				GCC_WARN_UNUSED_FUNCTION = YES;
				GCC_WARN_UNUSED_VARIABLE = YES;
				IPHONEOS_DEPLOYMENT_TARGET = 8.3;
				MTL_ENABLE_DEBUG_INFO = NO;
				SDKROOT = iphoneos;
				VALIDATE_PRODUCT = YES;
			};
			name = Release;
		};
		FE6771281B9E09E100C1C963 /* Debug */ = {
			isa = XCBuildConfiguration;
			buildSettings = {
				ASSETCATALOG_COMPILER_APPICON_NAME = AppIcon;
				CODE_SIGN_IDENTITY = "iPhone Developer";
				INFOPLIST_FILE = FunFacts/Info.plist;
				IPHONEOS_DEPLOYMENT_TARGET = 8.4;
				LD_RUNPATH_SEARCH_PATHS = "$(inherited) @executable_path/Frameworks";
				PRODUCT_NAME = "$(TARGET_NAME)";
				TARGETED_DEVICE_FAMILY = 1;
			};
			name = Debug;
		};
		FE6771291B9E09E100C1C963 /* Release */ = {
			isa = XCBuildConfiguration;
			buildSettings = {
				ASSETCATALOG_COMPILER_APPICON_NAME = AppIcon;
				CODE_SIGN_IDENTITY = "iPhone Developer";
				INFOPLIST_FILE = FunFacts/Info.plist;
				IPHONEOS_DEPLOYMENT_TARGET = 8.4;
				LD_RUNPATH_SEARCH_PATHS = "$(inherited) @executable_path/Frameworks";
				PRODUCT_NAME = "$(TARGET_NAME)";
				TARGETED_DEVICE_FAMILY = 1;
			};
			name = Release;
		};
		FE67712B1B9E09E100C1C963 /* Debug */ = {
			isa = XCBuildConfiguration;
			buildSettings = {
				BUNDLE_LOADER = "$(TEST_HOST)";
				FRAMEWORK_SEARCH_PATHS = (
					"$(SDKROOT)/Developer/Library/Frameworks",
					"$(inherited)",
				);
				GCC_PREPROCESSOR_DEFINITIONS = (
					"DEBUG=1",
					"$(inherited)",
				);
				INFOPLIST_FILE = FunFactsTests/Info.plist;
				LD_RUNPATH_SEARCH_PATHS = "$(inherited) @executable_path/Frameworks @loader_path/Frameworks";
				PRODUCT_NAME = "$(TARGET_NAME)";
				TEST_HOST = "$(BUILT_PRODUCTS_DIR)/FunFacts.app/FunFacts";
			};
			name = Debug;
		};
		FE67712C1B9E09E100C1C963 /* Release */ = {
			isa = XCBuildConfiguration;
			buildSettings = {
				BUNDLE_LOADER = "$(TEST_HOST)";
				FRAMEWORK_SEARCH_PATHS = (
					"$(SDKROOT)/Developer/Library/Frameworks",
					"$(inherited)",
				);
				INFOPLIST_FILE = FunFactsTests/Info.plist;
				LD_RUNPATH_SEARCH_PATHS = "$(inherited) @executable_path/Frameworks @loader_path/Frameworks";
				PRODUCT_NAME = "$(TARGET_NAME)";
				TEST_HOST = "$(BUILT_PRODUCTS_DIR)/FunFacts.app/FunFacts";
			};
			name = Release;
		};
/* End XCBuildConfiguration section */

/* Begin XCConfigurationList section */
		FE6771031B9E09E000C1C963 /* Build configuration list for PBXProject "FunFacts" */ = {
			isa = XCConfigurationList;
			buildConfigurations = (
				FE6771251B9E09E100C1C963 /* Debug */,
				FE6771261B9E09E100C1C963 /* Release */,
			);
			defaultConfigurationIsVisible = 0;
			defaultConfigurationName = Release;
		};
		FE6771271B9E09E100C1C963 /* Build configuration list for PBXNativeTarget "FunFacts" */ = {
			isa = XCConfigurationList;
			buildConfigurations = (
				FE6771281B9E09E100C1C963 /* Debug */,
				FE6771291B9E09E100C1C963 /* Release */,
			);
			defaultConfigurationIsVisible = 0;
			defaultConfigurationName = Release;
		};
		FE67712A1B9E09E100C1C963 /* Build configuration list for PBXNativeTarget "FunFactsTests" */ = {
			isa = XCConfigurationList;
			buildConfigurations = (
				FE67712B1B9E09E100C1C963 /* Debug */,
				FE67712C1B9E09E100C1C963 /* Release */,
			);
			defaultConfigurationIsVisible = 0;
			defaultConfigurationName = Release;
		};
/* End XCConfigurationList section */
	};
	rootObject = FE6771001B9E09E000C1C963 /* Project object */;
}
